// !$*UTF8*$!
{
	archiveVersion = 1;
	classes = {
	};
	objectVersion = 56;
	objects = {

/* Begin PBXBuildFile section */
		2048FA85292E88E70027082E /* AWSKeyriApp.swift in Sources */ = {isa = PBXBuildFile; fileRef = 2048FA84292E88E70027082E /* AWSKeyriApp.swift */; };
		2048FA87292E88E70027082E /* ContentView.swift in Sources */ = {isa = PBXBuildFile; fileRef = 2048FA86292E88E70027082E /* ContentView.swift */; };
		2048FA89292E88E80027082E /* Assets.xcassets in Resources */ = {isa = PBXBuildFile; fileRef = 2048FA88292E88E80027082E /* Assets.xcassets */; };
		2048FA8C292E88E80027082E /* Preview Assets.xcassets in Resources */ = {isa = PBXBuildFile; fileRef = 2048FA8B292E88E80027082E /* Preview Assets.xcassets */; };
		2048FA96292E88E80027082E /* AWSKeyriTests.swift in Sources */ = {isa = PBXBuildFile; fileRef = 2048FA95292E88E80027082E /* AWSKeyriTests.swift */; };
		2048FAA0292E88E80027082E /* AWSKeyriUITests.swift in Sources */ = {isa = PBXBuildFile; fileRef = 2048FA9F292E88E80027082E /* AWSKeyriUITests.swift */; };
		2048FAA2292E88E80027082E /* AWSKeyriUITestsLaunchTests.swift in Sources */ = {isa = PBXBuildFile; fileRef = 2048FAA1292E88E80027082E /* AWSKeyriUITestsLaunchTests.swift */; };
		2048FAB0292E89320027082E /* AWSAPIPlugin in Frameworks */ = {isa = PBXBuildFile; productRef = 2048FAAF292E89320027082E /* AWSAPIPlugin */; };
		2048FAB2292E89320027082E /* AWSCognitoAuthPlugin in Frameworks */ = {isa = PBXBuildFile; productRef = 2048FAB1292E89320027082E /* AWSCognitoAuthPlugin */; };
		2048FAB4292E89320027082E /* AWSPluginsCore in Frameworks */ = {isa = PBXBuildFile; productRef = 2048FAB3292E89320027082E /* AWSPluginsCore */; };
		2048FAB6292E89320027082E /* Amplify in Frameworks */ = {isa = PBXBuildFile; productRef = 2048FAB5292E89320027082E /* Amplify */; };
/* End PBXBuildFile section */

/* Begin PBXContainerItemProxy section */
		2048FA92292E88E80027082E /* PBXContainerItemProxy */ = {
			isa = PBXContainerItemProxy;
			containerPortal = 2048FA79292E88E70027082E /* Project object */;
			proxyType = 1;
			remoteGlobalIDString = 2048FA80292E88E70027082E;
			remoteInfo = AWSKeyri;
		};
		2048FA9C292E88E80027082E /* PBXContainerItemProxy */ = {
			isa = PBXContainerItemProxy;
			containerPortal = 2048FA79292E88E70027082E /* Project object */;
			proxyType = 1;
			remoteGlobalIDString = 2048FA80292E88E70027082E;
			remoteInfo = AWSKeyri;
		};
/* End PBXContainerItemProxy section */

/* Begin PBXFileReference section */
		2048FA81292E88E70027082E /* AWSKeyri.app */ = {isa = PBXFileReference; explicitFileType = wrapper.application; includeInIndex = 0; path = AWSKeyri.app; sourceTree = BUILT_PRODUCTS_DIR; };
		2048FA84292E88E70027082E /* AWSKeyriApp.swift */ = {isa = PBXFileReference; lastKnownFileType = sourcecode.swift; path = AWSKeyriApp.swift; sourceTree = "<group>"; };
		2048FA86292E88E70027082E /* ContentView.swift */ = {isa = PBXFileReference; lastKnownFileType = sourcecode.swift; path = ContentView.swift; sourceTree = "<group>"; };
		2048FA88292E88E80027082E /* Assets.xcassets */ = {isa = PBXFileReference; lastKnownFileType = folder.assetcatalog; path = Assets.xcassets; sourceTree = "<group>"; };
		2048FA8B292E88E80027082E /* Preview Assets.xcassets */ = {isa = PBXFileReference; lastKnownFileType = folder.assetcatalog; path = "Preview Assets.xcassets"; sourceTree = "<group>"; };
		2048FA91292E88E80027082E /* AWSKeyriTests.xctest */ = {isa = PBXFileReference; explicitFileType = wrapper.cfbundle; includeInIndex = 0; path = AWSKeyriTests.xctest; sourceTree = BUILT_PRODUCTS_DIR; };
		2048FA95292E88E80027082E /* AWSKeyriTests.swift */ = {isa = PBXFileReference; lastKnownFileType = sourcecode.swift; path = AWSKeyriTests.swift; sourceTree = "<group>"; };
		2048FA9B292E88E80027082E /* AWSKeyriUITests.xctest */ = {isa = PBXFileReference; explicitFileType = wrapper.cfbundle; includeInIndex = 0; path = AWSKeyriUITests.xctest; sourceTree = BUILT_PRODUCTS_DIR; };
		2048FA9F292E88E80027082E /* AWSKeyriUITests.swift */ = {isa = PBXFileReference; lastKnownFileType = sourcecode.swift; path = AWSKeyriUITests.swift; sourceTree = "<group>"; };
		2048FAA1292E88E80027082E /* AWSKeyriUITestsLaunchTests.swift */ = {isa = PBXFileReference; lastKnownFileType = sourcecode.swift; path = AWSKeyriUITestsLaunchTests.swift; sourceTree = "<group>"; };
/* End PBXFileReference section */

/* Begin PBXFrameworksBuildPhase section */
		2048FA7E292E88E70027082E /* Frameworks */ = {
			isa = PBXFrameworksBuildPhase;
			buildActionMask = 2147483647;
			files = (
				2048FAB0292E89320027082E /* AWSAPIPlugin in Frameworks */,
				2048FAB6292E89320027082E /* Amplify in Frameworks */,
				2048FAB2292E89320027082E /* AWSCognitoAuthPlugin in Frameworks */,
				2048FAB4292E89320027082E /* AWSPluginsCore in Frameworks */,
			);
			runOnlyForDeploymentPostprocessing = 0;
		};
		2048FA8E292E88E80027082E /* Frameworks */ = {
			isa = PBXFrameworksBuildPhase;
			buildActionMask = 2147483647;
			files = (
			);
			runOnlyForDeploymentPostprocessing = 0;
		};
		2048FA98292E88E80027082E /* Frameworks */ = {
			isa = PBXFrameworksBuildPhase;
			buildActionMask = 2147483647;
			files = (
			);
			runOnlyForDeploymentPostprocessing = 0;
		};
/* End PBXFrameworksBuildPhase section */

/* Begin PBXGroup section */
		2048FA78292E88E70027082E = {
			isa = PBXGroup;
			children = (
				2048FA83292E88E70027082E /* AWSKeyri */,
				2048FA94292E88E80027082E /* AWSKeyriTests */,
				2048FA9E292E88E80027082E /* AWSKeyriUITests */,
				2048FA82292E88E70027082E /* Products */,
			);
			sourceTree = "<group>";
		};
		2048FA82292E88E70027082E /* Products */ = {
			isa = PBXGroup;
			children = (
				2048FA81292E88E70027082E /* AWSKeyri.app */,
				2048FA91292E88E80027082E /* AWSKeyriTests.xctest */,
				2048FA9B292E88E80027082E /* AWSKeyriUITests.xctest */,
			);
			name = Products;
			sourceTree = "<group>";
		};
		2048FA83292E88E70027082E /* AWSKeyri */ = {
			isa = PBXGroup;
			children = (
				2048FA84292E88E70027082E /* AWSKeyriApp.swift */,
				2048FA86292E88E70027082E /* ContentView.swift */,
				2048FA88292E88E80027082E /* Assets.xcassets */,
				2048FA8A292E88E80027082E /* Preview Content */,
			);
			path = AWSKeyri;
			sourceTree = "<group>";
		};
		2048FA8A292E88E80027082E /* Preview Content */ = {
			isa = PBXGroup;
			children = (
				2048FA8B292E88E80027082E /* Preview Assets.xcassets */,
			);
			path = "Preview Content";
			sourceTree = "<group>";
		};
		2048FA94292E88E80027082E /* AWSKeyriTests */ = {
			isa = PBXGroup;
			children = (
				2048FA95292E88E80027082E /* AWSKeyriTests.swift */,
			);
			path = AWSKeyriTests;
			sourceTree = "<group>";
		};
		2048FA9E292E88E80027082E /* AWSKeyriUITests */ = {
			isa = PBXGroup;
			children = (
				2048FA9F292E88E80027082E /* AWSKeyriUITests.swift */,
				2048FAA1292E88E80027082E /* AWSKeyriUITestsLaunchTests.swift */,
			);
			path = AWSKeyriUITests;
			sourceTree = "<group>";
		};
/* End PBXGroup section */

/* Begin PBXNativeTarget section */
		2048FA80292E88E70027082E /* AWSKeyri */ = {
			isa = PBXNativeTarget;
			buildConfigurationList = 2048FAA5292E88E80027082E /* Build configuration list for PBXNativeTarget "AWSKeyri" */;
			buildPhases = (
				2048FA7D292E88E70027082E /* Sources */,
				2048FA7E292E88E70027082E /* Frameworks */,
				2048FA7F292E88E70027082E /* Resources */,
			);
			buildRules = (
			);
			dependencies = (
			);
			name = AWSKeyri;
			packageProductDependencies = (
				2048FAAF292E89320027082E /* AWSAPIPlugin */,
				2048FAB1292E89320027082E /* AWSCognitoAuthPlugin */,
				2048FAB3292E89320027082E /* AWSPluginsCore */,
				2048FAB5292E89320027082E /* Amplify */,
			);
			productName = AWSKeyri;
			productReference = 2048FA81292E88E70027082E /* AWSKeyri.app */;
			productType = "com.apple.product-type.application";
		};
		2048FA90292E88E80027082E /* AWSKeyriTests */ = {
			isa = PBXNativeTarget;
			buildConfigurationList = 2048FAA8292E88E80027082E /* Build configuration list for PBXNativeTarget "AWSKeyriTests" */;
			buildPhases = (
				2048FA8D292E88E80027082E /* Sources */,
				2048FA8E292E88E80027082E /* Frameworks */,
				2048FA8F292E88E80027082E /* Resources */,
			);
			buildRules = (
			);
			dependencies = (
				2048FA93292E88E80027082E /* PBXTargetDependency */,
			);
			name = AWSKeyriTests;
			productName = AWSKeyriTests;
			productReference = 2048FA91292E88E80027082E /* AWSKeyriTests.xctest */;
			productType = "com.apple.product-type.bundle.unit-test";
		};
		2048FA9A292E88E80027082E /* AWSKeyriUITests */ = {
			isa = PBXNativeTarget;
			buildConfigurationList = 2048FAAB292E88E80027082E /* Build configuration list for PBXNativeTarget "AWSKeyriUITests" */;
			buildPhases = (
				2048FA97292E88E80027082E /* Sources */,
				2048FA98292E88E80027082E /* Frameworks */,
				2048FA99292E88E80027082E /* Resources */,
			);
			buildRules = (
			);
			dependencies = (
				2048FA9D292E88E80027082E /* PBXTargetDependency */,
			);
			name = AWSKeyriUITests;
			productName = AWSKeyriUITests;
			productReference = 2048FA9B292E88E80027082E /* AWSKeyriUITests.xctest */;
			productType = "com.apple.product-type.bundle.ui-testing";
		};
/* End PBXNativeTarget section */

/* Begin PBXProject section */
		2048FA79292E88E70027082E /* Project object */ = {
			isa = PBXProject;
			attributes = {
				BuildIndependentTargetsInParallel = 1;
				LastSwiftUpdateCheck = 1400;
				LastUpgradeCheck = 1400;
				TargetAttributes = {
					2048FA80292E88E70027082E = {
						CreatedOnToolsVersion = 14.0;
					};
					2048FA90292E88E80027082E = {
						CreatedOnToolsVersion = 14.0;
						TestTargetID = 2048FA80292E88E70027082E;
					};
					2048FA9A292E88E80027082E = {
						CreatedOnToolsVersion = 14.0;
						TestTargetID = 2048FA80292E88E70027082E;
					};
				};
			};
			buildConfigurationList = 2048FA7C292E88E70027082E /* Build configuration list for PBXProject "AWSKeyri" */;
			compatibilityVersion = "Xcode 14.0";
			developmentRegion = en;
			hasScannedForEncodings = 0;
			knownRegions = (
				en,
				Base,
			);
			mainGroup = 2048FA78292E88E70027082E;
			packageReferences = (
				2048FAAE292E89320027082E /* XCRemoteSwiftPackageReference "amplify-ios" */,
			);
			productRefGroup = 2048FA82292E88E70027082E /* Products */;
			projectDirPath = "";
			projectRoot = "";
			targets = (
				2048FA80292E88E70027082E /* AWSKeyri */,
				2048FA90292E88E80027082E /* AWSKeyriTests */,
				2048FA9A292E88E80027082E /* AWSKeyriUITests */,
			);
		};
/* End PBXProject section */

/* Begin PBXResourcesBuildPhase section */
		2048FA7F292E88E70027082E /* Resources */ = {
			isa = PBXResourcesBuildPhase;
			buildActionMask = 2147483647;
			files = (
				2048FA8C292E88E80027082E /* Preview Assets.xcassets in Resources */,
				2048FA89292E88E80027082E /* Assets.xcassets in Resources */,
			);
			runOnlyForDeploymentPostprocessing = 0;
		};
		2048FA8F292E88E80027082E /* Resources */ = {
			isa = PBXResourcesBuildPhase;
			buildActionMask = 2147483647;
			files = (
			);
			runOnlyForDeploymentPostprocessing = 0;
		};
		2048FA99292E88E80027082E /* Resources */ = {
			isa = PBXResourcesBuildPhase;
			buildActionMask = 2147483647;
			files = (
			);
			runOnlyForDeploymentPostprocessing = 0;
		};
/* End PBXResourcesBuildPhase section */

/* Begin PBXSourcesBuildPhase section */
		2048FA7D292E88E70027082E /* Sources */ = {
			isa = PBXSourcesBuildPhase;
			buildActionMask = 2147483647;
			files = (
				2048FA87292E88E70027082E /* ContentView.swift in Sources */,
				2048FA85292E88E70027082E /* AWSKeyriApp.swift in Sources */,
			);
			runOnlyForDeploymentPostprocessing = 0;
		};
		2048FA8D292E88E80027082E /* Sources */ = {
			isa = PBXSourcesBuildPhase;
			buildActionMask = 2147483647;
			files = (
				2048FA96292E88E80027082E /* AWSKeyriTests.swift in Sources */,
			);
			runOnlyForDeploymentPostprocessing = 0;
		};
		2048FA97292E88E80027082E /* Sources */ = {
			isa = PBXSourcesBuildPhase;
			buildActionMask = 2147483647;
			files = (
				2048FAA2292E88E80027082E /* AWSKeyriUITestsLaunchTests.swift in Sources */,
				2048FAA0292E88E80027082E /* AWSKeyriUITests.swift in Sources */,
			);
			runOnlyForDeploymentPostprocessing = 0;
		};
/* End PBXSourcesBuildPhase section */

/* Begin PBXTargetDependency section */
		2048FA93292E88E80027082E /* PBXTargetDependency */ = {
			isa = PBXTargetDependency;
			target = 2048FA80292E88E70027082E /* AWSKeyri */;
			targetProxy = 2048FA92292E88E80027082E /* PBXContainerItemProxy */;
		};
		2048FA9D292E88E80027082E /* PBXTargetDependency */ = {
			isa = PBXTargetDependency;
			target = 2048FA80292E88E70027082E /* AWSKeyri */;
			targetProxy = 2048FA9C292E88E80027082E /* PBXContainerItemProxy */;
		};
/* End PBXTargetDependency section */

/* Begin XCBuildConfiguration section */
		2048FAA3292E88E80027082E /* Debug */ = {
			isa = XCBuildConfiguration;
			buildSettings = {
				ALWAYS_SEARCH_USER_PATHS = NO;
				CLANG_ANALYZER_NONNULL = YES;
				CLANG_ANALYZER_NUMBER_OBJECT_CONVERSION = YES_AGGRESSIVE;
				CLANG_CXX_LANGUAGE_STANDARD = "gnu++20";
				CLANG_ENABLE_MODULES = YES;
				CLANG_ENABLE_OBJC_ARC = YES;
				CLANG_ENABLE_OBJC_WEAK = YES;
				CLANG_WARN_BLOCK_CAPTURE_AUTORELEASING = YES;
				CLANG_WARN_BOOL_CONVERSION = YES;
				CLANG_WARN_COMMA = YES;
				CLANG_WARN_CONSTANT_CONVERSION = YES;
				CLANG_WARN_DEPRECATED_OBJC_IMPLEMENTATIONS = YES;
				CLANG_WARN_DIRECT_OBJC_ISA_USAGE = YES_ERROR;
				CLANG_WARN_DOCUMENTATION_COMMENTS = YES;
				CLANG_WARN_EMPTY_BODY = YES;
				CLANG_WARN_ENUM_CONVERSION = YES;
				CLANG_WARN_INFINITE_RECURSION = YES;
				CLANG_WARN_INT_CONVERSION = YES;
				CLANG_WARN_NON_LITERAL_NULL_CONVERSION = YES;
				CLANG_WARN_OBJC_IMPLICIT_RETAIN_SELF = YES;
				CLANG_WARN_OBJC_LITERAL_CONVERSION = YES;
				CLANG_WARN_OBJC_ROOT_CLASS = YES_ERROR;
				CLANG_WARN_QUOTED_INCLUDE_IN_FRAMEWORK_HEADER = YES;
				CLANG_WARN_RANGE_LOOP_ANALYSIS = YES;
				CLANG_WARN_STRICT_PROTOTYPES = YES;
				CLANG_WARN_SUSPICIOUS_MOVE = YES;
				CLANG_WARN_UNGUARDED_AVAILABILITY = YES_AGGRESSIVE;
				CLANG_WARN_UNREACHABLE_CODE = YES;
				CLANG_WARN__DUPLICATE_METHOD_MATCH = YES;
				COPY_PHASE_STRIP = NO;
				DEBUG_INFORMATION_FORMAT = dwarf;
				ENABLE_STRICT_OBJC_MSGSEND = YES;
				ENABLE_TESTABILITY = YES;
				GCC_C_LANGUAGE_STANDARD = gnu11;
				GCC_DYNAMIC_NO_PIC = NO;
				GCC_NO_COMMON_BLOCKS = YES;
				GCC_OPTIMIZATION_LEVEL = 0;
				GCC_PREPROCESSOR_DEFINITIONS = (
					"DEBUG=1",
					"$(inherited)",
				);
				GCC_WARN_64_TO_32_BIT_CONVERSION = YES;
				GCC_WARN_ABOUT_RETURN_TYPE = YES_ERROR;
				GCC_WARN_UNDECLARED_SELECTOR = YES;
				GCC_WARN_UNINITIALIZED_AUTOS = YES_AGGRESSIVE;
				GCC_WARN_UNUSED_FUNCTION = YES;
				GCC_WARN_UNUSED_VARIABLE = YES;
				IPHONEOS_DEPLOYMENT_TARGET = 16.0;
				MTL_ENABLE_DEBUG_INFO = INCLUDE_SOURCE;
				MTL_FAST_MATH = YES;
				ONLY_ACTIVE_ARCH = YES;
				SDKROOT = iphoneos;
				SWIFT_ACTIVE_COMPILATION_CONDITIONS = DEBUG;
				SWIFT_OPTIMIZATION_LEVEL = "-Onone";
			};
			name = Debug;
		};
		2048FAA4292E88E80027082E /* Release */ = {
			isa = XCBuildConfiguration;
			buildSettings = {
				ALWAYS_SEARCH_USER_PATHS = NO;
				CLANG_ANALYZER_NONNULL = YES;
				CLANG_ANALYZER_NUMBER_OBJECT_CONVERSION = YES_AGGRESSIVE;
				CLANG_CXX_LANGUAGE_STANDARD = "gnu++20";
				CLANG_ENABLE_MODULES = YES;
				CLANG_ENABLE_OBJC_ARC = YES;
				CLANG_ENABLE_OBJC_WEAK = YES;
				CLANG_WARN_BLOCK_CAPTURE_AUTORELEASING = YES;
				CLANG_WARN_BOOL_CONVERSION = YES;
				CLANG_WARN_COMMA = YES;
				CLANG_WARN_CONSTANT_CONVERSION = YES;
				CLANG_WARN_DEPRECATED_OBJC_IMPLEMENTATIONS = YES;
				CLANG_WARN_DIRECT_OBJC_ISA_USAGE = YES_ERROR;
				CLANG_WARN_DOCUMENTATION_COMMENTS = YES;
				CLANG_WARN_EMPTY_BODY = YES;
				CLANG_WARN_ENUM_CONVERSION = YES;
				CLANG_WARN_INFINITE_RECURSION = YES;
				CLANG_WARN_INT_CONVERSION = YES;
				CLANG_WARN_NON_LITERAL_NULL_CONVERSION = YES;
				CLANG_WARN_OBJC_IMPLICIT_RETAIN_SELF = YES;
				CLANG_WARN_OBJC_LITERAL_CONVERSION = YES;
				CLANG_WARN_OBJC_ROOT_CLASS = YES_ERROR;
				CLANG_WARN_QUOTED_INCLUDE_IN_FRAMEWORK_HEADER = YES;
				CLANG_WARN_RANGE_LOOP_ANALYSIS = YES;
				CLANG_WARN_STRICT_PROTOTYPES = YES;
				CLANG_WARN_SUSPICIOUS_MOVE = YES;
				CLANG_WARN_UNGUARDED_AVAILABILITY = YES_AGGRESSIVE;
				CLANG_WARN_UNREACHABLE_CODE = YES;
				CLANG_WARN__DUPLICATE_METHOD_MATCH = YES;
				COPY_PHASE_STRIP = NO;
				DEBUG_INFORMATION_FORMAT = "dwarf-with-dsym";
				ENABLE_NS_ASSERTIONS = NO;
				ENABLE_STRICT_OBJC_MSGSEND = YES;
				GCC_C_LANGUAGE_STANDARD = gnu11;
				GCC_NO_COMMON_BLOCKS = YES;
				GCC_WARN_64_TO_32_BIT_CONVERSION = YES;
				GCC_WARN_ABOUT_RETURN_TYPE = YES_ERROR;
				GCC_WARN_UNDECLARED_SELECTOR = YES;
				GCC_WARN_UNINITIALIZED_AUTOS = YES_AGGRESSIVE;
				GCC_WARN_UNUSED_FUNCTION = YES;
				GCC_WARN_UNUSED_VARIABLE = YES;
				IPHONEOS_DEPLOYMENT_TARGET = 16.0;
				MTL_ENABLE_DEBUG_INFO = NO;
				MTL_FAST_MATH = YES;
				SDKROOT = iphoneos;
				SWIFT_COMPILATION_MODE = wholemodule;
				SWIFT_OPTIMIZATION_LEVEL = "-O";
				VALIDATE_PRODUCT = YES;
			};
			name = Release;
		};
		2048FAA6292E88E80027082E /* Debug */ = {
			isa = XCBuildConfiguration;
			buildSettings = {
				ASSETCATALOG_COMPILER_APPICON_NAME = AppIcon;
				ASSETCATALOG_COMPILER_GLOBAL_ACCENT_COLOR_NAME = AccentColor;
				CODE_SIGN_STYLE = Automatic;
				CURRENT_PROJECT_VERSION = 1;
				DEVELOPMENT_ASSET_PATHS = "\"AWSKeyri/Preview Content\"";
				DEVELOPMENT_TEAM = B275BMKQL6;
				ENABLE_PREVIEWS = YES;
				GENERATE_INFOPLIST_FILE = YES;
				INFOPLIST_KEY_UIApplicationSceneManifest_Generation = YES;
				INFOPLIST_KEY_UIApplicationSupportsIndirectInputEvents = YES;
				INFOPLIST_KEY_UILaunchScreen_Generation = YES;
				INFOPLIST_KEY_UISupportedInterfaceOrientations_iPad = "UIInterfaceOrientationPortrait UIInterfaceOrientationPortraitUpsideDown UIInterfaceOrientationLandscapeLeft UIInterfaceOrientationLandscapeRight";
				INFOPLIST_KEY_UISupportedInterfaceOrientations_iPhone = "UIInterfaceOrientationPortrait UIInterfaceOrientationLandscapeLeft UIInterfaceOrientationLandscapeRight";
				LD_RUNPATH_SEARCH_PATHS = (
					"$(inherited)",
					"@executable_path/Frameworks",
				);
				MARKETING_VERSION = 1.0;
				PRODUCT_BUNDLE_IDENTIFIER = com.keyri.AWSKeyri;
				PRODUCT_NAME = "$(TARGET_NAME)";
				SWIFT_EMIT_LOC_STRINGS = YES;
				SWIFT_VERSION = 5.0;
				TARGETED_DEVICE_FAMILY = "1,2";
			};
			name = Debug;
		};
		2048FAA7292E88E80027082E /* Release */ = {
			isa = XCBuildConfiguration;
			buildSettings = {
				ASSETCATALOG_COMPILER_APPICON_NAME = AppIcon;
				ASSETCATALOG_COMPILER_GLOBAL_ACCENT_COLOR_NAME = AccentColor;
				CODE_SIGN_STYLE = Automatic;
				CURRENT_PROJECT_VERSION = 1;
				DEVELOPMENT_ASSET_PATHS = "\"AWSKeyri/Preview Content\"";
				DEVELOPMENT_TEAM = B275BMKQL6;
				ENABLE_PREVIEWS = YES;
				GENERATE_INFOPLIST_FILE = YES;
				INFOPLIST_KEY_UIApplicationSceneManifest_Generation = YES;
				INFOPLIST_KEY_UIApplicationSupportsIndirectInputEvents = YES;
				INFOPLIST_KEY_UILaunchScreen_Generation = YES;
				INFOPLIST_KEY_UISupportedInterfaceOrientations_iPad = "UIInterfaceOrientationPortrait UIInterfaceOrientationPortraitUpsideDown UIInterfaceOrientationLandscapeLeft UIInterfaceOrientationLandscapeRight";
				INFOPLIST_KEY_UISupportedInterfaceOrientations_iPhone = "UIInterfaceOrientationPortrait UIInterfaceOrientationLandscapeLeft UIInterfaceOrientationLandscapeRight";
				LD_RUNPATH_SEARCH_PATHS = (
					"$(inherited)",
					"@executable_path/Frameworks",
				);
				MARKETING_VERSION = 1.0;
				PRODUCT_BUNDLE_IDENTIFIER = com.keyri.AWSKeyri;
				PRODUCT_NAME = "$(TARGET_NAME)";
				SWIFT_EMIT_LOC_STRINGS = YES;
				SWIFT_VERSION = 5.0;
				TARGETED_DEVICE_FAMILY = "1,2";
			};
			name = Release;
		};
		2048FAA9292E88E80027082E /* Debug */ = {
			isa = XCBuildConfiguration;
			buildSettings = {
				ALWAYS_EMBED_SWIFT_STANDARD_LIBRARIES = YES;
				BUNDLE_LOADER = "$(TEST_HOST)";
				CODE_SIGN_STYLE = Automatic;
				CURRENT_PROJECT_VERSION = 1;
				DEVELOPMENT_TEAM = B275BMKQL6;
				GENERATE_INFOPLIST_FILE = YES;
				IPHONEOS_DEPLOYMENT_TARGET = 16.0;
				MARKETING_VERSION = 1.0;
				PRODUCT_BUNDLE_IDENTIFIER = com.keyri.AWSKeyriTests;
				PRODUCT_NAME = "$(TARGET_NAME)";
				SWIFT_EMIT_LOC_STRINGS = NO;
				SWIFT_VERSION = 5.0;
				TARGETED_DEVICE_FAMILY = "1,2";
				TEST_HOST = "$(BUILT_PRODUCTS_DIR)/AWSKeyri.app/$(BUNDLE_EXECUTABLE_FOLDER_PATH)/AWSKeyri";
			};
			name = Debug;
		};
		2048FAAA292E88E80027082E /* Release */ = {
			isa = XCBuildConfiguration;
			buildSettings = {
				ALWAYS_EMBED_SWIFT_STANDARD_LIBRARIES = YES;
				BUNDLE_LOADER = "$(TEST_HOST)";
				CODE_SIGN_STYLE = Automatic;
				CURRENT_PROJECT_VERSION = 1;
				DEVELOPMENT_TEAM = B275BMKQL6;
				GENERATE_INFOPLIST_FILE = YES;
				IPHONEOS_DEPLOYMENT_TARGET = 16.0;
				MARKETING_VERSION = 1.0;
				PRODUCT_BUNDLE_IDENTIFIER = com.keyri.AWSKeyriTests;
				PRODUCT_NAME = "$(TARGET_NAME)";
				SWIFT_EMIT_LOC_STRINGS = NO;
				SWIFT_VERSION = 5.0;
				TARGETED_DEVICE_FAMILY = "1,2";
				TEST_HOST = "$(BUILT_PRODUCTS_DIR)/AWSKeyri.app/$(BUNDLE_EXECUTABLE_FOLDER_PATH)/AWSKeyri";
			};
			name = Release;
		};
		2048FAAC292E88E80027082E /* Debug */ = {
			isa = XCBuildConfiguration;
			buildSettings = {
				ALWAYS_EMBED_SWIFT_STANDARD_LIBRARIES = YES;
				CODE_SIGN_STYLE = Automatic;
				CURRENT_PROJECT_VERSION = 1;
				DEVELOPMENT_TEAM = B275BMKQL6;
				GENERATE_INFOPLIST_FILE = YES;
				MARKETING_VERSION = 1.0;
				PRODUCT_BUNDLE_IDENTIFIER = com.keyri.AWSKeyriUITests;
				PRODUCT_NAME = "$(TARGET_NAME)";
				SWIFT_EMIT_LOC_STRINGS = NO;
				SWIFT_VERSION = 5.0;
				TARGETED_DEVICE_FAMILY = "1,2";
				TEST_TARGET_NAME = AWSKeyri;
			};
			name = Debug;
		};
		2048FAAD292E88E80027082E /* Release */ = {
			isa = XCBuildConfiguration;
			buildSettings = {
				ALWAYS_EMBED_SWIFT_STANDARD_LIBRARIES = YES;
				CODE_SIGN_STYLE = Automatic;
				CURRENT_PROJECT_VERSION = 1;
				DEVELOPMENT_TEAM = B275BMKQL6;
				GENERATE_INFOPLIST_FILE = YES;
				MARKETING_VERSION = 1.0;
				PRODUCT_BUNDLE_IDENTIFIER = com.keyri.AWSKeyriUITests;
				PRODUCT_NAME = "$(TARGET_NAME)";
				SWIFT_EMIT_LOC_STRINGS = NO;
				SWIFT_VERSION = 5.0;
				TARGETED_DEVICE_FAMILY = "1,2";
				TEST_TARGET_NAME = AWSKeyri;
			};
			name = Release;
		};
/* End XCBuildConfiguration section */

/* Begin XCConfigurationList section */
		2048FA7C292E88E70027082E /* Build configuration list for PBXProject "AWSKeyri" */ = {
			isa = XCConfigurationList;
			buildConfigurations = (
				2048FAA3292E88E80027082E /* Debug */,
				2048FAA4292E88E80027082E /* Release */,
			);
			defaultConfigurationIsVisible = 0;
			defaultConfigurationName = Release;
		};
		2048FAA5292E88E80027082E /* Build configuration list for PBXNativeTarget "AWSKeyri" */ = {
			isa = XCConfigurationList;
			buildConfigurations = (
				2048FAA6292E88E80027082E /* Debug */,
				2048FAA7292E88E80027082E /* Release */,
			);
			defaultConfigurationIsVisible = 0;
			defaultConfigurationName = Release;
		};
		2048FAA8292E88E80027082E /* Build configuration list for PBXNativeTarget "AWSKeyriTests" */ = {
			isa = XCConfigurationList;
			buildConfigurations = (
				2048FAA9292E88E80027082E /* Debug */,
				2048FAAA292E88E80027082E /* Release */,
			);
			defaultConfigurationIsVisible = 0;
			defaultConfigurationName = Release;
		};
		2048FAAB292E88E80027082E /* Build configuration list for PBXNativeTarget "AWSKeyriUITests" */ = {
			isa = XCConfigurationList;
			buildConfigurations = (
				2048FAAC292E88E80027082E /* Debug */,
				2048FAAD292E88E80027082E /* Release */,
			);
			defaultConfigurationIsVisible = 0;
			defaultConfigurationName = Release;
		};
/* End XCConfigurationList section */

/* Begin XCRemoteSwiftPackageReference section */
		2048FAAE292E89320027082E /* XCRemoteSwiftPackageReference "amplify-ios" */ = {
			isa = XCRemoteSwiftPackageReference;
			repositoryURL = "https://github.com/aws-amplify/amplify-ios";
			requirement = {
				kind = upToNextMajorVersion;
				minimumVersion = 1.0.0;
			};
		};
/* End XCRemoteSwiftPackageReference section */

/* Begin XCSwiftPackageProductDependency section */
		2048FAAF292E89320027082E /* AWSAPIPlugin */ = {
			isa = XCSwiftPackageProductDependency;
			package = 2048FAAE292E89320027082E /* XCRemoteSwiftPackageReference "amplify-ios" */;
			productName = AWSAPIPlugin;
		};
		2048FAB1292E89320027082E /* AWSCognitoAuthPlugin */ = {
			isa = XCSwiftPackageProductDependency;
			package = 2048FAAE292E89320027082E /* XCRemoteSwiftPackageReference "amplify-ios" */;
			productName = AWSCognitoAuthPlugin;
		};
		2048FAB3292E89320027082E /* AWSPluginsCore */ = {
			isa = XCSwiftPackageProductDependency;
			package = 2048FAAE292E89320027082E /* XCRemoteSwiftPackageReference "amplify-ios" */;
			productName = AWSPluginsCore;
		};
		2048FAB5292E89320027082E /* Amplify */ = {
			isa = XCSwiftPackageProductDependency;
			package = 2048FAAE292E89320027082E /* XCRemoteSwiftPackageReference "amplify-ios" */;
			productName = Amplify;
		};
/* End XCSwiftPackageProductDependency section */
	};
	rootObject = 2048FA79292E88E70027082E /* Project object */;
}
